
Microsoft Visual Studio Solution File, Format Version 12.00
# Visual Studio Version 17
VisualStudioVersion = 17.0.31919.166
MinimumVisualStudioVersion = 10.0.40219.1
Project("{2150E333-8FDC-42A3-9474-1A3956D46DE8}") = "Solution Items", "Solution Items", "{E5C5D2B9-639B-48CF-B5B0-E44FD7F24B1E}"
	ProjectSection(SolutionItems) = preProject
		..\.gitattributes = ..\.gitattributes
		..\.gitignore = ..\.gitignore
		..\LICENSE = ..\LICENSE
	EndProjectSection
EndProject
Project("{2150E333-8FDC-42A3-9474-1A3956D46DE8}") = ".github", ".github", "{E64D67E6-C2B6-471C-990D-2E9A91427B64}"
EndProject
Project("{2150E333-8FDC-42A3-9474-1A3956D46DE8}") = "workflows", "workflows", "{1960DCD1-3C51-48FF-BFF8-5FE4C3CBABB2}"
	ProjectSection(SolutionItems) = preProject
		..\.github\workflows\nuget.autoupdate.yml = ..\.github\workflows\nuget.autoupdate.yml
		..\.github\workflows\release.yml = ..\.github\workflows\release.yml
	EndProjectSection
EndProject
Project("{2150E333-8FDC-42A3-9474-1A3956D46DE8}") = "docs", "docs", "{C9898E63-1F75-4912-9F2E-EF1DB51E06A8}"
	ProjectSection(SolutionItems) = preProject
		..\docs\README.md = ..\docs\README.md
	EndProjectSection
EndProject
Project("{9A19103F-16F7-4668-BE54-9A1E7A4F7556}") = "Digitalroot.Valheim.SlopeCombatAssistance", "Digitalroot.Valheim.SlopeCombatAssistance\Digitalroot.Valheim.SlopeCombatAssistance.csproj", "{80CDA45A-1494-483A-8B28-F4307498A9E4}"
EndProject
Project("{9A19103F-16F7-4668-BE54-9A1E7A4F7556}") = "UnitTests", "UnitTests\UnitTests.csproj", "{6733B4AD-DE8B-4831-913F-D91658716F23}"
EndProject
Global
	GlobalSection(SolutionConfigurationPlatforms) = preSolution
		Debug|Any CPU = Debug|Any CPU
		Release|Any CPU = Release|Any CPU
	EndGlobalSection
	GlobalSection(ProjectConfigurationPlatforms) = postSolution
		{80CDA45A-1494-483A-8B28-F4307498A9E4}.Debug|Any CPU.ActiveCfg = Debug|Any CPU
		{80CDA45A-1494-483A-8B28-F4307498A9E4}.Debug|Any CPU.Build.0 = Debug|Any CPU
		{80CDA45A-1494-483A-8B28-F4307498A9E4}.Release|Any CPU.ActiveCfg = Release|Any CPU
		{80CDA45A-1494-483A-8B28-F4307498A9E4}.Release|Any CPU.Build.0 = Release|Any CPU
		{6733B4AD-DE8B-4831-913F-D91658716F23}.Debug|Any CPU.ActiveCfg = Debug|Any CPU
		{6733B4AD-DE8B-4831-913F-D91658716F23}.Debug|Any CPU.Build.0 = Debug|Any CPU
		{6733B4AD-DE8B-4831-913F-D91658716F23}.Release|Any CPU.ActiveCfg = Release|Any CPU
		{6733B4AD-DE8B-4831-913F-D91658716F23}.Release|Any CPU.Build.0 = Release|Any CPU
	EndGlobalSection
	GlobalSection(SolutionProperties) = preSolution
		HideSolutionNode = FALSE
	EndGlobalSection
	GlobalSection(NestedProjects) = preSolution
		{E64D67E6-C2B6-471C-990D-2E9A91427B64} = {E5C5D2B9-639B-48CF-B5B0-E44FD7F24B1E}
		{1960DCD1-3C51-48FF-BFF8-5FE4C3CBABB2} = {E64D67E6-C2B6-471C-990D-2E9A91427B64}
		{C9898E63-1F75-4912-9F2E-EF1DB51E06A8} = {E5C5D2B9-639B-48CF-B5B0-E44FD7F24B1E}
	EndGlobalSection
	GlobalSection(ExtensibilityGlobals) = postSolution
		SolutionGuid = {46DD4389-95C4-4F57-BB16-2A9A816F46B9}
	EndGlobalSection
EndGlobal
