
Microsoft Visual Studio Solution File, Format Version 12.00
# Visual Studio Version 16
VisualStudioVersion = 16.0.31515.178
MinimumVisualStudioVersion = 10.0.40219.1
Project("{2150E333-8FDC-42A3-9474-1A3956D46DE8}") = "Solution Items", "Solution Items", "{E5C5D2B9-639B-48CF-B5B0-E44FD7F24B1E}"
	ProjectSection(SolutionItems) = preProject
		..\.gitignore = ..\.gitignore
		..\LICENSE = ..\LICENSE
		..\README.md = ..\README.md
	EndProjectSection
EndProject
Project("{2150E333-8FDC-42A3-9474-1A3956D46DE8}") = ".github", ".github", "{E64D67E6-C2B6-471C-990D-2E9A91427B64}"
	ProjectSection(SolutionItems) = preProject
		..\.github\release-drafter.yml = ..\.github\release-drafter.yml
	EndProjectSection
EndProject
Project("{2150E333-8FDC-42A3-9474-1A3956D46DE8}") = "workflows", "workflows", "{1960DCD1-3C51-48FF-BFF8-5FE4C3CBABB2}"
	ProjectSection(SolutionItems) = preProject
		..\.github\workflows\drafter.yml = ..\.github\workflows\drafter.yml
		..\.github\workflows\publish.yml = ..\.github\workflows\publish.yml
	EndProjectSection
EndProject
Global
	GlobalSection(SolutionProperties) = preSolution
		HideSolutionNode = FALSE
	EndGlobalSection
	GlobalSection(NestedProjects) = preSolution
		{E64D67E6-C2B6-471C-990D-2E9A91427B64} = {E5C5D2B9-639B-48CF-B5B0-E44FD7F24B1E}
		{1960DCD1-3C51-48FF-BFF8-5FE4C3CBABB2} = {E64D67E6-C2B6-471C-990D-2E9A91427B64}
	EndGlobalSection
	GlobalSection(ExtensibilityGlobals) = postSolution
		SolutionGuid = {46DD4389-95C4-4F57-BB16-2A9A816F46B9}
	EndGlobalSection
EndGlobal
